// !$*UTF8*$!
{
	archiveVersion = 1;
	classes = {
	};
	objectVersion = 56;
	objects = {

/* Begin PBXBuildFile section */
		97A9879E28DBA8270037D939 /* HW6ControlArcSliderApp.swift in Sources */ = {isa = PBXBuildFile; fileRef = 97A9879D28DBA8270037D939 /* HW6ControlArcSliderApp.swift */; };
		97A987A028DBA8270037D939 /* ContentView.swift in Sources */ = {isa = PBXBuildFile; fileRef = 97A9879F28DBA8270037D939 /* ContentView.swift */; };
		97A987A228DBA8290037D939 /* Assets.xcassets in Resources */ = {isa = PBXBuildFile; fileRef = 97A987A128DBA8290037D939 /* Assets.xcassets */; };
		97A987A528DBA8290037D939 /* Preview Assets.xcassets in Resources */ = {isa = PBXBuildFile; fileRef = 97A987A428DBA8290037D939 /* Preview Assets.xcassets */; };
		97A987AF28DBA8290037D939 /* HW6ControlArcSliderTests.swift in Sources */ = {isa = PBXBuildFile; fileRef = 97A987AE28DBA8290037D939 /* HW6ControlArcSliderTests.swift */; };
		97A987B928DBA82A0037D939 /* HW6ControlArcSliderUITests.swift in Sources */ = {isa = PBXBuildFile; fileRef = 97A987B828DBA82A0037D939 /* HW6ControlArcSliderUITests.swift */; };
		97A987BB28DBA82A0037D939 /* HW6ControlArcSliderUITestsLaunchTests.swift in Sources */ = {isa = PBXBuildFile; fileRef = 97A987BA28DBA82A0037D939 /* HW6ControlArcSliderUITestsLaunchTests.swift */; };
/* End PBXBuildFile section */

/* Begin PBXContainerItemProxy section */
		97A987AB28DBA8290037D939 /* PBXContainerItemProxy */ = {
			isa = PBXContainerItemProxy;
			containerPortal = 97A9879228DBA8270037D939 /* Project object */;
			proxyType = 1;
			remoteGlobalIDString = 97A9879928DBA8270037D939;
			remoteInfo = HW6ControlArcSlider;
		};
		97A987B528DBA82A0037D939 /* PBXContainerItemProxy */ = {
			isa = PBXContainerItemProxy;
			containerPortal = 97A9879228DBA8270037D939 /* Project object */;
			proxyType = 1;
			remoteGlobalIDString = 97A9879928DBA8270037D939;
			remoteInfo = HW6ControlArcSlider;
		};
/* End PBXContainerItemProxy section */

/* Begin PBXFileReference section */
		97A9879A28DBA8270037D939 /* HW6ControlArcSlider.app */ = {isa = PBXFileReference; explicitFileType = wrapper.application; includeInIndex = 0; path = HW6ControlArcSlider.app; sourceTree = BUILT_PRODUCTS_DIR; };
		97A9879D28DBA8270037D939 /* HW6ControlArcSliderApp.swift */ = {isa = PBXFileReference; lastKnownFileType = sourcecode.swift; path = HW6ControlArcSliderApp.swift; sourceTree = "<group>"; };
		97A9879F28DBA8270037D939 /* ContentView.swift */ = {isa = PBXFileReference; lastKnownFileType = sourcecode.swift; path = ContentView.swift; sourceTree = "<group>"; };
		97A987A128DBA8290037D939 /* Assets.xcassets */ = {isa = PBXFileReference; lastKnownFileType = folder.assetcatalog; path = Assets.xcassets; sourceTree = "<group>"; };
		97A987A428DBA8290037D939 /* Preview Assets.xcassets */ = {isa = PBXFileReference; lastKnownFileType = folder.assetcatalog; path = "Preview Assets.xcassets"; sourceTree = "<group>"; };
		97A987AA28DBA8290037D939 /* HW6ControlArcSliderTests.xctest */ = {isa = PBXFileReference; explicitFileType = wrapper.cfbundle; includeInIndex = 0; path = HW6ControlArcSliderTests.xctest; sourceTree = BUILT_PRODUCTS_DIR; };
		97A987AE28DBA8290037D939 /* HW6ControlArcSliderTests.swift */ = {isa = PBXFileReference; lastKnownFileType = sourcecode.swift; path = HW6ControlArcSliderTests.swift; sourceTree = "<group>"; };
		97A987B428DBA82A0037D939 /* HW6ControlArcSliderUITests.xctest */ = {isa = PBXFileReference; explicitFileType = wrapper.cfbundle; includeInIndex = 0; path = HW6ControlArcSliderUITests.xctest; sourceTree = BUILT_PRODUCTS_DIR; };
		97A987B828DBA82A0037D939 /* HW6ControlArcSliderUITests.swift */ = {isa = PBXFileReference; lastKnownFileType = sourcecode.swift; path = HW6ControlArcSliderUITests.swift; sourceTree = "<group>"; };
		97A987BA28DBA82A0037D939 /* HW6ControlArcSliderUITestsLaunchTests.swift */ = {isa = PBXFileReference; lastKnownFileType = sourcecode.swift; path = HW6ControlArcSliderUITestsLaunchTests.swift; sourceTree = "<group>"; };
/* End PBXFileReference section */

/* Begin PBXFrameworksBuildPhase section */
		97A9879728DBA8270037D939 /* Frameworks */ = {
			isa = PBXFrameworksBuildPhase;
			buildActionMask = 2147483647;
			files = (
			);
			runOnlyForDeploymentPostprocessing = 0;
		};
		97A987A728DBA8290037D939 /* Frameworks */ = {
			isa = PBXFrameworksBuildPhase;
			buildActionMask = 2147483647;
			files = (
			);
			runOnlyForDeploymentPostprocessing = 0;
		};
		97A987B128DBA8290037D939 /* Frameworks */ = {
			isa = PBXFrameworksBuildPhase;
			buildActionMask = 2147483647;
			files = (
			);
			runOnlyForDeploymentPostprocessing = 0;
		};
/* End PBXFrameworksBuildPhase section */

/* Begin PBXGroup section */
		97A9879128DBA8270037D939 = {
			isa = PBXGroup;
			children = (
				97A9879C28DBA8270037D939 /* HW6ControlArcSlider */,
				97A987AD28DBA8290037D939 /* HW6ControlArcSliderTests */,
				97A987B728DBA82A0037D939 /* HW6ControlArcSliderUITests */,
				97A9879B28DBA8270037D939 /* Products */,
			);
			sourceTree = "<group>";
		};
		97A9879B28DBA8270037D939 /* Products */ = {
			isa = PBXGroup;
			children = (
				97A9879A28DBA8270037D939 /* HW6ControlArcSlider.app */,
				97A987AA28DBA8290037D939 /* HW6ControlArcSliderTests.xctest */,
				97A987B428DBA82A0037D939 /* HW6ControlArcSliderUITests.xctest */,
			);
			name = Products;
			sourceTree = "<group>";
		};
		97A9879C28DBA8270037D939 /* HW6ControlArcSlider */ = {
			isa = PBXGroup;
			children = (
				97A9879D28DBA8270037D939 /* HW6ControlArcSliderApp.swift */,
				97A9879F28DBA8270037D939 /* ContentView.swift */,
				97A987A128DBA8290037D939 /* Assets.xcassets */,
				97A987A328DBA8290037D939 /* Preview Content */,
			);
			path = HW6ControlArcSlider;
			sourceTree = "<group>";
		};
		97A987A328DBA8290037D939 /* Preview Content */ = {
			isa = PBXGroup;
			children = (
				97A987A428DBA8290037D939 /* Preview Assets.xcassets */,
			);
			path = "Preview Content";
			sourceTree = "<group>";
		};
		97A987AD28DBA8290037D939 /* HW6ControlArcSliderTests */ = {
			isa = PBXGroup;
			children = (
				97A987AE28DBA8290037D939 /* HW6ControlArcSliderTests.swift */,
			);
			path = HW6ControlArcSliderTests;
			sourceTree = "<group>";
		};
		97A987B728DBA82A0037D939 /* HW6ControlArcSliderUITests */ = {
			isa = PBXGroup;
			children = (
				97A987B828DBA82A0037D939 /* HW6ControlArcSliderUITests.swift */,
				97A987BA28DBA82A0037D939 /* HW6ControlArcSliderUITestsLaunchTests.swift */,
			);
			path = HW6ControlArcSliderUITests;
			sourceTree = "<group>";
		};
/* End PBXGroup section */

/* Begin PBXNativeTarget section */
		97A9879928DBA8270037D939 /* HW6ControlArcSlider */ = {
			isa = PBXNativeTarget;
			buildConfigurationList = 97A987BE28DBA82A0037D939 /* Build configuration list for PBXNativeTarget "HW6ControlArcSlider" */;
			buildPhases = (
				97A9879628DBA8270037D939 /* Sources */,
				97A9879728DBA8270037D939 /* Frameworks */,
				97A9879828DBA8270037D939 /* Resources */,
			);
			buildRules = (
			);
			dependencies = (
			);
			name = HW6ControlArcSlider;
			productName = HW6ControlArcSlider;
			productReference = 97A9879A28DBA8270037D939 /* HW6ControlArcSlider.app */;
			productType = "com.apple.product-type.application";
		};
		97A987A928DBA8290037D939 /* HW6ControlArcSliderTests */ = {
			isa = PBXNativeTarget;
			buildConfigurationList = 97A987C128DBA82A0037D939 /* Build configuration list for PBXNativeTarget "HW6ControlArcSliderTests" */;
			buildPhases = (
				97A987A628DBA8290037D939 /* Sources */,
				97A987A728DBA8290037D939 /* Frameworks */,
				97A987A828DBA8290037D939 /* Resources */,
			);
			buildRules = (
			);
			dependencies = (
				97A987AC28DBA8290037D939 /* PBXTargetDependency */,
			);
			name = HW6ControlArcSliderTests;
			productName = HW6ControlArcSliderTests;
			productReference = 97A987AA28DBA8290037D939 /* HW6ControlArcSliderTests.xctest */;
			productType = "com.apple.product-type.bundle.unit-test";
		};
		97A987B328DBA8290037D939 /* HW6ControlArcSliderUITests */ = {
			isa = PBXNativeTarget;
			buildConfigurationList = 97A987C428DBA82A0037D939 /* Build configuration list for PBXNativeTarget "HW6ControlArcSliderUITests" */;
			buildPhases = (
				97A987B028DBA8290037D939 /* Sources */,
				97A987B128DBA8290037D939 /* Frameworks */,
				97A987B228DBA8290037D939 /* Resources */,
			);
			buildRules = (
			);
			dependencies = (
				97A987B628DBA82A0037D939 /* PBXTargetDependency */,
			);
			name = HW6ControlArcSliderUITests;
			productName = HW6ControlArcSliderUITests;
			productReference = 97A987B428DBA82A0037D939 /* HW6ControlArcSliderUITests.xctest */;
			productType = "com.apple.product-type.bundle.ui-testing";
		};
/* End PBXNativeTarget section */

/* Begin PBXProject section */
		97A9879228DBA8270037D939 /* Project object */ = {
			isa = PBXProject;
			attributes = {
				BuildIndependentTargetsInParallel = 1;
				LastSwiftUpdateCheck = 1400;
				LastUpgradeCheck = 1400;
				TargetAttributes = {
					97A9879928DBA8270037D939 = {
						CreatedOnToolsVersion = 14.0;
					};
					97A987A928DBA8290037D939 = {
						CreatedOnToolsVersion = 14.0;
						TestTargetID = 97A9879928DBA8270037D939;
					};
					97A987B328DBA8290037D939 = {
						CreatedOnToolsVersion = 14.0;
						TestTargetID = 97A9879928DBA8270037D939;
					};
				};
			};
			buildConfigurationList = 97A9879528DBA8270037D939 /* Build configuration list for PBXProject "HW6ControlArcSlider" */;
			compatibilityVersion = "Xcode 14.0";
			developmentRegion = en;
			hasScannedForEncodings = 0;
			knownRegions = (
				en,
				Base,
			);
			mainGroup = 97A9879128DBA8270037D939;
			productRefGroup = 97A9879B28DBA8270037D939 /* Products */;
			projectDirPath = "";
			projectRoot = "";
			targets = (
				97A9879928DBA8270037D939 /* HW6ControlArcSlider */,
				97A987A928DBA8290037D939 /* HW6ControlArcSliderTests */,
				97A987B328DBA8290037D939 /* HW6ControlArcSliderUITests */,
			);
		};
/* End PBXProject section */

/* Begin PBXResourcesBuildPhase section */
		97A9879828DBA8270037D939 /* Resources */ = {
			isa = PBXResourcesBuildPhase;
			buildActionMask = 2147483647;
			files = (
				97A987A528DBA8290037D939 /* Preview Assets.xcassets in Resources */,
				97A987A228DBA8290037D939 /* Assets.xcassets in Resources */,
			);
			runOnlyForDeploymentPostprocessing = 0;
		};
		97A987A828DBA8290037D939 /* Resources */ = {
			isa = PBXResourcesBuildPhase;
			buildActionMask = 2147483647;
			files = (
			);
			runOnlyForDeploymentPostprocessing = 0;
		};
		97A987B228DBA8290037D939 /* Resources */ = {
			isa = PBXResourcesBuildPhase;
			buildActionMask = 2147483647;
			files = (
			);
			runOnlyForDeploymentPostprocessing = 0;
		};
/* End PBXResourcesBuildPhase section */

/* Begin PBXSourcesBuildPhase section */
		97A9879628DBA8270037D939 /* Sources */ = {
			isa = PBXSourcesBuildPhase;
			buildActionMask = 2147483647;
			files = (
				97A987A028DBA8270037D939 /* ContentView.swift in Sources */,
				97A9879E28DBA8270037D939 /* HW6ControlArcSliderApp.swift in Sources */,
			);
			runOnlyForDeploymentPostprocessing = 0;
		};
		97A987A628DBA8290037D939 /* Sources */ = {
			isa = PBXSourcesBuildPhase;
			buildActionMask = 2147483647;
			files = (
				97A987AF28DBA8290037D939 /* HW6ControlArcSliderTests.swift in Sources */,
			);
			runOnlyForDeploymentPostprocessing = 0;
		};
		97A987B028DBA8290037D939 /* Sources */ = {
			isa = PBXSourcesBuildPhase;
			buildActionMask = 2147483647;
			files = (
				97A987BB28DBA82A0037D939 /* HW6ControlArcSliderUITestsLaunchTests.swift in Sources */,
				97A987B928DBA82A0037D939 /* HW6ControlArcSliderUITests.swift in Sources */,
			);
			runOnlyForDeploymentPostprocessing = 0;
		};
/* End PBXSourcesBuildPhase section */

/* Begin PBXTargetDependency section */
		97A987AC28DBA8290037D939 /* PBXTargetDependency */ = {
			isa = PBXTargetDependency;
			target = 97A9879928DBA8270037D939 /* HW6ControlArcSlider */;
			targetProxy = 97A987AB28DBA8290037D939 /* PBXContainerItemProxy */;
		};
		97A987B628DBA82A0037D939 /* PBXTargetDependency */ = {
			isa = PBXTargetDependency;
			target = 97A9879928DBA8270037D939 /* HW6ControlArcSlider */;
			targetProxy = 97A987B528DBA82A0037D939 /* PBXContainerItemProxy */;
		};
/* End PBXTargetDependency section */

/* Begin XCBuildConfiguration section */
		97A987BC28DBA82A0037D939 /* Debug */ = {
			isa = XCBuildConfiguration;
			buildSettings = {
				ALWAYS_SEARCH_USER_PATHS = NO;
				CLANG_ANALYZER_NONNULL = YES;
				CLANG_ANALYZER_NUMBER_OBJECT_CONVERSION = YES_AGGRESSIVE;
				CLANG_CXX_LANGUAGE_STANDARD = "gnu++20";
				CLANG_ENABLE_MODULES = YES;
				CLANG_ENABLE_OBJC_ARC = YES;
				CLANG_ENABLE_OBJC_WEAK = YES;
				CLANG_WARN_BLOCK_CAPTURE_AUTORELEASING = YES;
				CLANG_WARN_BOOL_CONVERSION = YES;
				CLANG_WARN_COMMA = YES;
				CLANG_WARN_CONSTANT_CONVERSION = YES;
				CLANG_WARN_DEPRECATED_OBJC_IMPLEMENTATIONS = YES;
				CLANG_WARN_DIRECT_OBJC_ISA_USAGE = YES_ERROR;
				CLANG_WARN_DOCUMENTATION_COMMENTS = YES;
				CLANG_WARN_EMPTY_BODY = YES;
				CLANG_WARN_ENUM_CONVERSION = YES;
				CLANG_WARN_INFINITE_RECURSION = YES;
				CLANG_WARN_INT_CONVERSION = YES;
				CLANG_WARN_NON_LITERAL_NULL_CONVERSION = YES;
				CLANG_WARN_OBJC_IMPLICIT_RETAIN_SELF = YES;
				CLANG_WARN_OBJC_LITERAL_CONVERSION = YES;
				CLANG_WARN_OBJC_ROOT_CLASS = YES_ERROR;
				CLANG_WARN_QUOTED_INCLUDE_IN_FRAMEWORK_HEADER = YES;
				CLANG_WARN_RANGE_LOOP_ANALYSIS = YES;
				CLANG_WARN_STRICT_PROTOTYPES = YES;
				CLANG_WARN_SUSPICIOUS_MOVE = YES;
				CLANG_WARN_UNGUARDED_AVAILABILITY = YES_AGGRESSIVE;
				CLANG_WARN_UNREACHABLE_CODE = YES;
				CLANG_WARN__DUPLICATE_METHOD_MATCH = YES;
				COPY_PHASE_STRIP = NO;
				DEBUG_INFORMATION_FORMAT = dwarf;
				ENABLE_STRICT_OBJC_MSGSEND = YES;
				ENABLE_TESTABILITY = YES;
				GCC_C_LANGUAGE_STANDARD = gnu11;
				GCC_DYNAMIC_NO_PIC = NO;
				GCC_NO_COMMON_BLOCKS = YES;
				GCC_OPTIMIZATION_LEVEL = 0;
				GCC_PREPROCESSOR_DEFINITIONS = (
					"DEBUG=1",
					"$(inherited)",
				);
				GCC_WARN_64_TO_32_BIT_CONVERSION = YES;
				GCC_WARN_ABOUT_RETURN_TYPE = YES_ERROR;
				GCC_WARN_UNDECLARED_SELECTOR = YES;
				GCC_WARN_UNINITIALIZED_AUTOS = YES_AGGRESSIVE;
				GCC_WARN_UNUSED_FUNCTION = YES;
				GCC_WARN_UNUSED_VARIABLE = YES;
				IPHONEOS_DEPLOYMENT_TARGET = 16.0;
				MTL_ENABLE_DEBUG_INFO = INCLUDE_SOURCE;
				MTL_FAST_MATH = YES;
				ONLY_ACTIVE_ARCH = YES;
				SDKROOT = iphoneos;
				SWIFT_ACTIVE_COMPILATION_CONDITIONS = DEBUG;
				SWIFT_OPTIMIZATION_LEVEL = "-Onone";
			};
			name = Debug;
		};
		97A987BD28DBA82A0037D939 /* Release */ = {
			isa = XCBuildConfiguration;
			buildSettings = {
				ALWAYS_SEARCH_USER_PATHS = NO;
				CLANG_ANALYZER_NONNULL = YES;
				CLANG_ANALYZER_NUMBER_OBJECT_CONVERSION = YES_AGGRESSIVE;
				CLANG_CXX_LANGUAGE_STANDARD = "gnu++20";
				CLANG_ENABLE_MODULES = YES;
				CLANG_ENABLE_OBJC_ARC = YES;
				CLANG_ENABLE_OBJC_WEAK = YES;
				CLANG_WARN_BLOCK_CAPTURE_AUTORELEASING = YES;
				CLANG_WARN_BOOL_CONVERSION = YES;
				CLANG_WARN_COMMA = YES;
				CLANG_WARN_CONSTANT_CONVERSION = YES;
				CLANG_WARN_DEPRECATED_OBJC_IMPLEMENTATIONS = YES;
				CLANG_WARN_DIRECT_OBJC_ISA_USAGE = YES_ERROR;
				CLANG_WARN_DOCUMENTATION_COMMENTS = YES;
				CLANG_WARN_EMPTY_BODY = YES;
				CLANG_WARN_ENUM_CONVERSION = YES;
				CLANG_WARN_INFINITE_RECURSION = YES;
				CLANG_WARN_INT_CONVERSION = YES;
				CLANG_WARN_NON_LITERAL_NULL_CONVERSION = YES;
				CLANG_WARN_OBJC_IMPLICIT_RETAIN_SELF = YES;
				CLANG_WARN_OBJC_LITERAL_CONVERSION = YES;
				CLANG_WARN_OBJC_ROOT_CLASS = YES_ERROR;
				CLANG_WARN_QUOTED_INCLUDE_IN_FRAMEWORK_HEADER = YES;
				CLANG_WARN_RANGE_LOOP_ANALYSIS = YES;
				CLANG_WARN_STRICT_PROTOTYPES = YES;
				CLANG_WARN_SUSPICIOUS_MOVE = YES;
				CLANG_WARN_UNGUARDED_AVAILABILITY = YES_AGGRESSIVE;
				CLANG_WARN_UNREACHABLE_CODE = YES;
				CLANG_WARN__DUPLICATE_METHOD_MATCH = YES;
				COPY_PHASE_STRIP = NO;
				DEBUG_INFORMATION_FORMAT = "dwarf-with-dsym";
				ENABLE_NS_ASSERTIONS = NO;
				ENABLE_STRICT_OBJC_MSGSEND = YES;
				GCC_C_LANGUAGE_STANDARD = gnu11;
				GCC_NO_COMMON_BLOCKS = YES;
				GCC_WARN_64_TO_32_BIT_CONVERSION = YES;
				GCC_WARN_ABOUT_RETURN_TYPE = YES_ERROR;
				GCC_WARN_UNDECLARED_SELECTOR = YES;
				GCC_WARN_UNINITIALIZED_AUTOS = YES_AGGRESSIVE;
				GCC_WARN_UNUSED_FUNCTION = YES;
				GCC_WARN_UNUSED_VARIABLE = YES;
				IPHONEOS_DEPLOYMENT_TARGET = 16.0;
				MTL_ENABLE_DEBUG_INFO = NO;
				MTL_FAST_MATH = YES;
				SDKROOT = iphoneos;
				SWIFT_COMPILATION_MODE = wholemodule;
				SWIFT_OPTIMIZATION_LEVEL = "-O";
				VALIDATE_PRODUCT = YES;
			};
			name = Release;
		};
		97A987BF28DBA82A0037D939 /* Debug */ = {
			isa = XCBuildConfiguration;
			buildSettings = {
				ASSETCATALOG_COMPILER_APPICON_NAME = AppIcon;
				ASSETCATALOG_COMPILER_GLOBAL_ACCENT_COLOR_NAME = AccentColor;
				CODE_SIGN_STYLE = Automatic;
				CURRENT_PROJECT_VERSION = 1;
				DEVELOPMENT_ASSET_PATHS = "\"HW6ControlArcSlider/Preview Content\"";
				ENABLE_PREVIEWS = YES;
				GENERATE_INFOPLIST_FILE = YES;
				INFOPLIST_KEY_UIApplicationSceneManifest_Generation = YES;
				INFOPLIST_KEY_UIApplicationSupportsIndirectInputEvents = YES;
				INFOPLIST_KEY_UILaunchScreen_Generation = YES;
				INFOPLIST_KEY_UISupportedInterfaceOrientations_iPad = "UIInterfaceOrientationPortrait UIInterfaceOrientationPortraitUpsideDown UIInterfaceOrientationLandscapeLeft UIInterfaceOrientationLandscapeRight";
				INFOPLIST_KEY_UISupportedInterfaceOrientations_iPhone = "UIInterfaceOrientationPortrait UIInterfaceOrientationLandscapeLeft UIInterfaceOrientationLandscapeRight";
				LD_RUNPATH_SEARCH_PATHS = (
					"$(inherited)",
					"@executable_path/Frameworks",
				);
				MARKETING_VERSION = 1.0;
				PRODUCT_BUNDLE_IDENTIFIER = com.meggleason.HW6ControlArcSlider;
				PRODUCT_NAME = "$(TARGET_NAME)";
				SWIFT_EMIT_LOC_STRINGS = YES;
				SWIFT_VERSION = 5.0;
				TARGETED_DEVICE_FAMILY = "1,2";
			};
			name = Debug;
		};
		97A987C028DBA82A0037D939 /* Release */ = {
			isa = XCBuildConfiguration;
			buildSettings = {
				ASSETCATALOG_COMPILER_APPICON_NAME = AppIcon;
				ASSETCATALOG_COMPILER_GLOBAL_ACCENT_COLOR_NAME = AccentColor;
				CODE_SIGN_STYLE = Automatic;
				CURRENT_PROJECT_VERSION = 1;
				DEVELOPMENT_ASSET_PATHS = "\"HW6ControlArcSlider/Preview Content\"";
				ENABLE_PREVIEWS = YES;
				GENERATE_INFOPLIST_FILE = YES;
				INFOPLIST_KEY_UIApplicationSceneManifest_Generation = YES;
				INFOPLIST_KEY_UIApplicationSupportsIndirectInputEvents = YES;
				INFOPLIST_KEY_UILaunchScreen_Generation = YES;
				INFOPLIST_KEY_UISupportedInterfaceOrientations_iPad = "UIInterfaceOrientationPortrait UIInterfaceOrientationPortraitUpsideDown UIInterfaceOrientationLandscapeLeft UIInterfaceOrientationLandscapeRight";
				INFOPLIST_KEY_UISupportedInterfaceOrientations_iPhone = "UIInterfaceOrientationPortrait UIInterfaceOrientationLandscapeLeft UIInterfaceOrientationLandscapeRight";
				LD_RUNPATH_SEARCH_PATHS = (
					"$(inherited)",
					"@executable_path/Frameworks",
				);
				MARKETING_VERSION = 1.0;
				PRODUCT_BUNDLE_IDENTIFIER = com.meggleason.HW6ControlArcSlider;
				PRODUCT_NAME = "$(TARGET_NAME)";
				SWIFT_EMIT_LOC_STRINGS = YES;
				SWIFT_VERSION = 5.0;
				TARGETED_DEVICE_FAMILY = "1,2";
			};
			name = Release;
		};
		97A987C228DBA82A0037D939 /* Debug */ = {
			isa = XCBuildConfiguration;
			buildSettings = {
				ALWAYS_EMBED_SWIFT_STANDARD_LIBRARIES = YES;
				BUNDLE_LOADER = "$(TEST_HOST)";
				CODE_SIGN_STYLE = Automatic;
				CURRENT_PROJECT_VERSION = 1;
				GENERATE_INFOPLIST_FILE = YES;
				IPHONEOS_DEPLOYMENT_TARGET = 16.0;
				MARKETING_VERSION = 1.0;
				PRODUCT_BUNDLE_IDENTIFIER = com.meggleason.HW6ControlArcSliderTests;
				PRODUCT_NAME = "$(TARGET_NAME)";
				SWIFT_EMIT_LOC_STRINGS = NO;
				SWIFT_VERSION = 5.0;
				TARGETED_DEVICE_FAMILY = "1,2";
				TEST_HOST = "$(BUILT_PRODUCTS_DIR)/HW6ControlArcSlider.app/$(BUNDLE_EXECUTABLE_FOLDER_PATH)/HW6ControlArcSlider";
			};
			name = Debug;
		};
		97A987C328DBA82A0037D939 /* Release */ = {
			isa = XCBuildConfiguration;
			buildSettings = {
				ALWAYS_EMBED_SWIFT_STANDARD_LIBRARIES = YES;
				BUNDLE_LOADER = "$(TEST_HOST)";
				CODE_SIGN_STYLE = Automatic;
				CURRENT_PROJECT_VERSION = 1;
				GENERATE_INFOPLIST_FILE = YES;
				IPHONEOS_DEPLOYMENT_TARGET = 16.0;
				MARKETING_VERSION = 1.0;
				PRODUCT_BUNDLE_IDENTIFIER = com.meggleason.HW6ControlArcSliderTests;
				PRODUCT_NAME = "$(TARGET_NAME)";
				SWIFT_EMIT_LOC_STRINGS = NO;
				SWIFT_VERSION = 5.0;
				TARGETED_DEVICE_FAMILY = "1,2";
				TEST_HOST = "$(BUILT_PRODUCTS_DIR)/HW6ControlArcSlider.app/$(BUNDLE_EXECUTABLE_FOLDER_PATH)/HW6ControlArcSlider";
			};
			name = Release;
		};
		97A987C528DBA82A0037D939 /* Debug */ = {
			isa = XCBuildConfiguration;
			buildSettings = {
				ALWAYS_EMBED_SWIFT_STANDARD_LIBRARIES = YES;
				CODE_SIGN_STYLE = Automatic;
				CURRENT_PROJECT_VERSION = 1;
				GENERATE_INFOPLIST_FILE = YES;
				MARKETING_VERSION = 1.0;
				PRODUCT_BUNDLE_IDENTIFIER = com.meggleason.HW6ControlArcSliderUITests;
				PRODUCT_NAME = "$(TARGET_NAME)";
				SWIFT_EMIT_LOC_STRINGS = NO;
				SWIFT_VERSION = 5.0;
				TARGETED_DEVICE_FAMILY = "1,2";
				TEST_TARGET_NAME = HW6ControlArcSlider;
			};
			name = Debug;
		};
		97A987C628DBA82A0037D939 /* Release */ = {
			isa = XCBuildConfiguration;
			buildSettings = {
				ALWAYS_EMBED_SWIFT_STANDARD_LIBRARIES = YES;
				CODE_SIGN_STYLE = Automatic;
				CURRENT_PROJECT_VERSION = 1;
				GENERATE_INFOPLIST_FILE = YES;
				MARKETING_VERSION = 1.0;
				PRODUCT_BUNDLE_IDENTIFIER = com.meggleason.HW6ControlArcSliderUITests;
				PRODUCT_NAME = "$(TARGET_NAME)";
				SWIFT_EMIT_LOC_STRINGS = NO;
				SWIFT_VERSION = 5.0;
				TARGETED_DEVICE_FAMILY = "1,2";
				TEST_TARGET_NAME = HW6ControlArcSlider;
			};
			name = Release;
		};
/* End XCBuildConfiguration section */

/* Begin XCConfigurationList section */
		97A9879528DBA8270037D939 /* Build configuration list for PBXProject "HW6ControlArcSlider" */ = {
			isa = XCConfigurationList;
			buildConfigurations = (
				97A987BC28DBA82A0037D939 /* Debug */,
				97A987BD28DBA82A0037D939 /* Release */,
			);
			defaultConfigurationIsVisible = 0;
			defaultConfigurationName = Release;
		};
		97A987BE28DBA82A0037D939 /* Build configuration list for PBXNativeTarget "HW6ControlArcSlider" */ = {
			isa = XCConfigurationList;
			buildConfigurations = (
				97A987BF28DBA82A0037D939 /* Debug */,
				97A987C028DBA82A0037D939 /* Release */,
			);
			defaultConfigurationIsVisible = 0;
			defaultConfigurationName = Release;
		};
		97A987C128DBA82A0037D939 /* Build configuration list for PBXNativeTarget "HW6ControlArcSliderTests" */ = {
			isa = XCConfigurationList;
			buildConfigurations = (
				97A987C228DBA82A0037D939 /* Debug */,
				97A987C328DBA82A0037D939 /* Release */,
			);
			defaultConfigurationIsVisible = 0;
			defaultConfigurationName = Release;
		};
		97A987C428DBA82A0037D939 /* Build configuration list for PBXNativeTarget "HW6ControlArcSliderUITests" */ = {
			isa = XCConfigurationList;
			buildConfigurations = (
				97A987C528DBA82A0037D939 /* Debug */,
				97A987C628DBA82A0037D939 /* Release */,
			);
			defaultConfigurationIsVisible = 0;
			defaultConfigurationName = Release;
		};
/* End XCConfigurationList section */
	};
	rootObject = 97A9879228DBA8270037D939 /* Project object */;
}
